{
  "name": "merry-scratch",
  "version": "1.0.0",
  "lockfileVersion": 3,
  "requires": true,
  "packages": {
    "": {
      "name": "merry-scratch",
      "version": "1.0.0",
      "license": "ISC",
      "dependencies": {
        "@cloudbase/js-sdk": "^3.4.6"
      },
      "devDependencies": {
        "@cloudbase/cli": "^3.5.6"
      }
    },
    "node_modules/@cloudbase/adapter-interface": {
      "version": "0.7.1",
      "resolved": "https://registry.npmjs.org/@cloudbase/adapter-interface/-/adapter-interface-0.7.1.tgz",
      "integrity": "sha512-BjHTAvIMSLxbp26SeT6qLiSSBygz3kAVno/PMwwBwjgzVkVUvuZGVcvf1mhHxY/BjdRGLrd6X60OgvymV/aAUw==",
      "license": "ISC"
    },
    "node_modules/@cloudbase/adapter-wx_mp": {
      "version": "1.3.1",
      "resolved": "https://registry.npmjs.org/@cloudbase/adapter-wx_mp/-/adapter-wx_mp-1.3.1.tgz",
      "integrity": "sha512-rS0N1aD1a0zc421ds17/HzM4RChQ6T2ixMz87bhPJ1yveqJt/KUqYxiXJDWhZ803wwTmJs8aqNkgugsNusNhbg==",
      "license": "ISC",
      "dependencies": {
        "@cloudbase/adapter-interface": "^0.7.0",
        "web-streams-polyfill": "^4.0.0"
      }
    },
    "node_modules/@cloudbase/cli": {
      "version": "3.5.6",
      "resolved": "https://registry.npmjs.org/@cloudbase/cli/-/cli-3.5.6.tgz",
      "integrity": "sha512-qDH+FfZT08T0XaOUduZ43Bs1ezy6BbJKjFHsjJcyXcquhpBwU3+cAgKF4SW686ixY/nUd9Q9zoju5rsy1FpjzA==",
      "dev": true,
      "license": "ISC",
      "bin": {
        "cloudbase": "bin/cloudbase",
        "cloudbase-mcp": "bin/cloudbase-mcp",
        "tcb": "bin/tcb"
      }
    },
    "node_modules/@cloudbase/js-sdk": {
      "version": "3.4.6",
      "resolved": "https://registry.npmjs.org/@cloudbase/js-sdk/-/js-sdk-3.4.6.tgz",
      "integrity": "sha512-r2cuSl5QPRR7GRjTiX3ufPpCK1PPHge2lTAICwPa2FzJaaswa8sRt0fwetZgXgKtcbzW9cHZDKXgFvnCysFhyQ==",
      "bundleDependencies": [
        "@cloudbase/ai",
        "@cloudbase/apis",
        "@cloudbase/app",
        "@cloudbase/auth",
        "@cloudbase/cloudrun",
        "@cloudbase/container",
        "@cloudbase/database",
        "@cloudbase/functions",
        "@cloudbase/model",
        "@cloudbase/mysql",
        "@cloudbase/oauth",
        "@cloudbase/realtime",
        "@cloudbase/storage",
        "@cloudbase/types",
        "@cloudbase/utilities"
      ],
      "license": "Apache-2.0",
      "dependencies": {
        "@cloudbase/adapter-interface": "^0.7.1",
        "@cloudbase/adapter-wx_mp": "^1.3.1",
        "@cloudbase/ai": "*",
        "@cloudbase/apis": "*",
        "@cloudbase/app": "*",
        "@cloudbase/auth": "*",
        "@cloudbase/cloudrun": "*",
        "@cloudbase/container": "*",
        "@cloudbase/database": "0.12.1",
        "@cloudbase/functions": "*",
        "@cloudbase/model": "*",
        "@cloudbase/mysql": "*",
        "@cloudbase/oauth": "*",
        "@cloudbase/realtime": "*",
        "@cloudbase/storage": "*",
        "@cloudbase/types": "*",
        "@cloudbase/utilities": "*",
        "@cloudbase/wx-cloud-client-sdk": "^1.8.8",
        "@mattiasbuelens/web-streams-adapter": "^0.1.0",
        "bson": "^7.1.1",
        "jwt-decode": "^3.1.2",
        "lodash": "^4.17.21",
        "text-encoding-shim": "^1.0.5",
        "web-streams-polyfill": "^4.0.0"
      }
    },
    "node_modules/@cloudbase/js-sdk/node_modules/@cloudbase/ai": {
      "version": "3.4.6",
      "inBundle": true,
      "license": "Apache-2.0",
      "dependencies": {
        "@cloudbase/types": "3.4.6",
        "@cloudbase/utilities": "3.4.6",
        "@mattiasbuelens/web-streams-adapter": "^0.1.0",
        "text-encoding-shim": "^1.0.5",
        "web-streams-polyfill": "^4.0.0"
      }
    },
    "node_modules/@cloudbase/js-sdk/node_modules/@cloudbase/apis": {
      "version": "3.4.6",
      "inBundle": true,
      "license": "Apache-2.0",
      "dependencies": {
        "@cloudbase/types": "3.4.6",
        "@cloudbase/utilities": "3.4.6"
      }
    },
    "node_modules/@cloudbase/js-sdk/node_modules/@cloudbase/app": {
      "version": "3.4.6",
      "inBundle": true,
      "license": "Apache-2.0",
      "dependencies": {
        "@cloudbase/adapter-interface": "^0.7.1",
        "@cloudbase/adapter-wx_mp": "^1.3.1",
        "@cloudbase/types": "3.4.6",
        "@cloudbase/utilities": "3.4.6"
      },
      "peerDependencies": {
        "@cloudbase/signature-nodejs": ">=1.0.0",
        "jsonwebtoken": ">=8.0.0",
        "ws": "^8.18.0"
      },
      "peerDependenciesMeta": {
        "@cloudbase/signature-nodejs": {
          "optional": true
        },
        "jsonwebtoken": {
          "optional": true
        },
        "ws": {
          "optional": true
        }
      }
    },
    "node_modules/@cloudbase/js-sdk/node_modules/@cloudbase/auth": {
      "version": "3.4.6",
      "inBundle": true,
      "license": "Apache-2.0",
      "dependencies": {
        "@cloudbase/adapter-wx_mp": "^1.3.1",
        "@cloudbase/oauth": "3.4.6",
        "@cloudbase/utilities": "3.4.6"
      }
    },
    "node_modules/@cloudbase/js-sdk/node_modules/@cloudbase/cloudrun": {
      "version": "3.4.6",
      "inBundle": true,
      "license": "Apache-2.0",
      "dependencies": {
        "@cloudbase/adapter-interface": "^0.7.1",
        "@cloudbase/types": "3.4.6",
        "@cloudbase/utilities": "3.4.6"
      }
    },
    "node_modules/@cloudbase/js-sdk/node_modules/@cloudbase/container": {
      "version": "3.4.6",
      "inBundle": true,
      "license": "Apache-2.0",
      "dependencies": {
        "@cloudbase/adapter-interface": "^0.7.1",
        "@cloudbase/utilities": "3.4.6"
      }
    },
    "node_modules/@cloudbase/js-sdk/node_modules/@cloudbase/database": {
      "version": "0.12.1",
      "inBundle": true,
      "license": "ISC",
      "dependencies": {
        "bson": "^7.1.1"
      }
    },
    "node_modules/@cloudbase/js-sdk/node_modules/@cloudbase/functions": {
      "version": "3.4.6",
      "inBundle": true,
      "license": "Apache-2.0",
      "dependencies": {
        "@cloudbase/adapter-interface": "^0.7.1",
        "@cloudbase/cloudrun": "3.4.6",
        "@cloudbase/types": "3.4.6",
        "@cloudbase/utilities": "3.4.6"
      }
    },
    "node_modules/@cloudbase/js-sdk/node_modules/@cloudbase/model": {
      "version": "3.4.6",
      "inBundle": true,
      "license": "Apache-2.0",
      "dependencies": {
        "@cloudbase/types": "3.4.6",
        "@cloudbase/utilities": "3.4.6",
        "@cloudbase/wx-cloud-client-sdk": "^1.8.8"
      }
    },
    "node_modules/@cloudbase/js-sdk/node_modules/@cloudbase/mysql": {
      "version": "3.4.6",
      "inBundle": true,
      "license": "Apache-2.0",
      "dependencies": {
        "@cloudbase/types": "2.20.3",
        "@cloudbase/utilities": "2.20.3",
        "@cloudbase/wx-cloud-client-sdk": "1.8.6-beta.1"
      }
    },
    "node_modules/@cloudbase/js-sdk/node_modules/@cloudbase/oauth": {
      "version": "3.4.6",
      "inBundle": true,
      "license": "Apache-2.0",
      "dependencies": {
        "@cloudbase/utilities": "3.4.6"
      },
      "peerDependencies": {
        "@cloudbase/utilities": "2.25.0"
      }
    },
    "node_modules/@cloudbase/js-sdk/node_modules/@cloudbase/realtime": {
      "version": "3.4.6",
      "inBundle": true,
      "license": "Apache-2.0",
      "dependencies": {
        "@cloudbase/types": "3.4.6",
        "lodash": "^4.17.21"
      }
    },
    "node_modules/@cloudbase/js-sdk/node_modules/@cloudbase/storage": {
      "version": "3.4.6",
      "inBundle": true,
      "license": "Apache-2.0",
      "dependencies": {
        "@cloudbase/types": "3.4.6",
        "@cloudbase/utilities": "3.4.6"
      }
    },
    "node_modules/@cloudbase/js-sdk/node_modules/@cloudbase/types": {
      "version": "3.4.6",
      "inBundle": true,
      "license": "Apache-2.0",
      "dependencies": {
        "@cloudbase/adapter-interface": "^0.7.1"
      }
    },
    "node_modules/@cloudbase/js-sdk/node_modules/@cloudbase/utilities": {
      "version": "3.4.6",
      "inBundle": true,
      "license": "Apache-2.0",
      "dependencies": {
        "@cloudbase/adapter-interface": "^0.7.1",
        "@cloudbase/types": "3.4.6",
        "jwt-decode": "^3.1.2"
      }
    },
    "node_modules/@cloudbase/wx-cloud-client-sdk": {
      "version": "1.8.8",
      "resolved": "https://registry.npmjs.org/@cloudbase/wx-cloud-client-sdk/-/wx-cloud-client-sdk-1.8.8.tgz",
      "integrity": "sha512-NuvDzKG0U68JSYzudNE9nh0sF3y5hUl/cz+mS+tk6TDLz+b1iikx+U+nR+bf+pfcJVhPW4Sjx+hI9CdKDA5/Ww==",
      "dependencies": {
        "@cloudbase/adapter-wx_mp": "^1.2.1",
        "core-js-pure": "^3.45.0"
      }
    },
    "node_modules/@mattiasbuelens/web-streams-adapter": {
      "version": "0.1.0",
      "resolved": "https://registry.npmjs.org/@mattiasbuelens/web-streams-adapter/-/web-streams-adapter-0.1.0.tgz",
      "integrity": "sha512-oV4PyZfwJNtmFWhvlJLqYIX1Nn22ML8FZpS16ZUKv0hg7414xV1fjsGqxQzLT2dyK92TKxsJSwMOd7VNHAtPmA==",
      "license": "MIT",
      "engines": {
        "node": ">= 12"
      }
    },
    "node_modules/bson": {
      "version": "7.2.0",
      "resolved": "https://registry.npmjs.org/bson/-/bson-7.2.0.tgz",
      "integrity": "sha512-YCEo7KjMlbNlyHhz7zAZNDpIpQbd+wOEHJYezv0nMYTn4x31eIUM2yomNNubclAt63dObUzKHWsBLJ9QcZNSnQ==",
      "license": "Apache-2.0",
      "engines": {
        "node": ">=20.19.0"
      }
    },
    "node_modules/core-js-pure": {
      "version": "3.49.0",
      "resolved": "https://registry.npmjs.org/core-js-pure/-/core-js-pure-3.49.0.tgz",
      "integrity": "sha512-XM4RFka59xATyJv/cS3O3Kml72hQXUeGRuuTmMYFxwzc9/7C8OYTaIR/Ji+Yt8DXzsFLNhat15cE/JP15HrCgw==",
      "hasInstallScript": true,
      "license": "MIT",
      "funding": {
        "type": "opencollective",
        "url": "https://opencollective.com/core-js"
      }
    },
    "node_modules/jwt-decode": {
      "version": "3.1.2",
      "resolved": "https://registry.npmjs.org/jwt-decode/-/jwt-decode-3.1.2.tgz",
      "integrity": "sha512-UfpWE/VZn0iP50d8cz9NrZLM9lSWhcJ+0Gt/nm4by88UL+J1SiKN8/5dkjMmbEzwL2CAe+67GsegCbIKtbp75A==",
      "license": "MIT"
    },
    "node_modules/lodash": {
      "version": "4.18.1",
      "resolved": "https://registry.npmjs.org/lodash/-/lodash-4.18.1.tgz",
      "integrity": "sha512-dMInicTPVE8d1e5otfwmmjlxkZoUpiVLwyeTdUsi/Caj/gfzzblBcCE5sRHV/AsjuCmxWrte2TNGSYuCeCq+0Q==",
      "license": "MIT"
    },
    "node_modules/text-encoding-shim": {
      "version": "1.0.5",
      "resolved": "https://registry.npmjs.org/text-encoding-shim/-/text-encoding-shim-1.0.5.tgz",
      "integrity": "sha512-H7yYW+jRn4yhu60ygZ2f/eMhXPITRt4QSUTKzLm+eCaDsdX8avmgWpmtmHAzesjBVUTAypz9odu5RKUjX5HNYA==",
      "license": "MIT"
    },
    "node_modules/web-streams-polyfill": {
      "version": "4.3.0",
      "resolved": "https://registry.npmjs.org/web-streams-polyfill/-/web-streams-polyfill-4.3.0.tgz",
      "integrity": "sha512-/Gnggvj9oSrEvJbDyyPtAnxBt5fGQM2iWOKQNu7ie1OxDgK40iZpyV3TKaRiEzVj1oA1UxKnEy9XPXh6PW3eVw==",
      "license": "MIT",
      "workspaces": [
        "test/benchmark-test",
        "test/rollup-test",
        "test/webpack-test"
      ],
      "engines": {
        "node": ">= 8"
      }
    }
  }
}
